// !$*UTF8*$!
{
	archiveVersion = 1;
	classes = {
	};
	objectVersion = 77;
	objects = {

/* Begin PBXContainerItemProxy section */
		160651D22CF5938C00A49447 /* PBXContainerItemProxy */ = {
			isa = PBXContainerItemProxy;
			containerPortal = 160651B92CF5938800A49447 /* Project object */;
			proxyType = 1;
			remoteGlobalIDString = 160651C02CF5938800A49447;
			remoteInfo = SwiftulSourceControl;
		};
		160651DC2CF5938C00A49447 /* PBXContainerItemProxy */ = {
			isa = PBXContainerItemProxy;
			containerPortal = 160651B92CF5938800A49447 /* Project object */;
			proxyType = 1;
			remoteGlobalIDString = 160651C02CF5938800A49447;
			remoteInfo = SwiftulSourceControl;
		};
/* End PBXContainerItemProxy section */

/* Begin PBXFileReference section */
		160651C12CF5938800A49447 /* SwiftulSourceControl.app */ = {isa = PBXFileReference; explicitFileType = wrapper.application; includeInIndex = 0; path = SwiftulSourceControl.app; sourceTree = BUILT_PRODUCTS_DIR; };
		160651D12CF5938C00A49447 /* SwiftulSourceControlTests.xctest */ = {isa = PBXFileReference; explicitFileType = wrapper.cfbundle; includeInIndex = 0; path = SwiftulSourceControlTests.xctest; sourceTree = BUILT_PRODUCTS_DIR; };
		160651DB2CF5938C00A49447 /* SwiftulSourceControlUITests.xctest */ = {isa = PBXFileReference; explicitFileType = wrapper.cfbundle; includeInIndex = 0; path = SwiftulSourceControlUITests.xctest; sourceTree = BUILT_PRODUCTS_DIR; };
/* End PBXFileReference section */

/* Begin PBXFileSystemSynchronizedRootGroup section */
		160651C32CF5938800A49447 /* SwiftulSourceControl */ = {
			isa = PBXFileSystemSynchronizedRootGroup;
			path = SwiftulSourceControl;
			sourceTree = "<group>";
		};
		160651D42CF5938C00A49447 /* SwiftulSourceControlTests */ = {
			isa = PBXFileSystemSynchronizedRootGroup;
			path = SwiftulSourceControlTests;
			sourceTree = "<group>";
		};
		160651DE2CF5938C00A49447 /* SwiftulSourceControlUITests */ = {
			isa = PBXFileSystemSynchronizedRootGroup;
			path = SwiftulSourceControlUITests;
			sourceTree = "<group>";
		};
/* End PBXFileSystemSynchronizedRootGroup section */

/* Begin PBXFrameworksBuildPhase section */
		160651BE2CF5938800A49447 /* Frameworks */ = {
			isa = PBXFrameworksBuildPhase;
			buildActionMask = 2147483647;
			files = (
			);
			runOnlyForDeploymentPostprocessing = 0;
		};
		160651CE2CF5938C00A49447 /* Frameworks */ = {
			isa = PBXFrameworksBuildPhase;
			buildActionMask = 2147483647;
			files = (
			);
			runOnlyForDeploymentPostprocessing = 0;
		};
		160651D82CF5938C00A49447 /* Frameworks */ = {
			isa = PBXFrameworksBuildPhase;
			buildActionMask = 2147483647;
			files = (
			);
			runOnlyForDeploymentPostprocessing = 0;
		};
/* End PBXFrameworksBuildPhase section */

/* Begin PBXGroup section */
		160651B82CF5938800A49447 = {
			isa = PBXGroup;
			children = (
				160651C32CF5938800A49447 /* SwiftulSourceControl */,
				160651D42CF5938C00A49447 /* SwiftulSourceControlTests */,
				160651DE2CF5938C00A49447 /* SwiftulSourceControlUITests */,
				160651C22CF5938800A49447 /* Products */,
			);
			sourceTree = "<group>";
		};
		160651C22CF5938800A49447 /* Products */ = {
			isa = PBXGroup;
			children = (
				160651C12CF5938800A49447 /* SwiftulSourceControl.app */,
				160651D12CF5938C00A49447 /* SwiftulSourceControlTests.xctest */,
				160651DB2CF5938C00A49447 /* SwiftulSourceControlUITests.xctest */,
			);
			name = Products;
			sourceTree = "<group>";
		};
/* End PBXGroup section */

/* Begin PBXNativeTarget section */
		160651C02CF5938800A49447 /* SwiftulSourceControl */ = {
			isa = PBXNativeTarget;
			buildConfigurationList = 160651E52CF5938C00A49447 /* Build configuration list for PBXNativeTarget "SwiftulSourceControl" */;
			buildPhases = (
				160651BD2CF5938800A49447 /* Sources */,
				160651BE2CF5938800A49447 /* Frameworks */,
				160651BF2CF5938800A49447 /* Resources */,
			);
			buildRules = (
			);
			dependencies = (
			);
			fileSystemSynchronizedGroups = (
				160651C32CF5938800A49447 /* SwiftulSourceControl */,
			);
			name = SwiftulSourceControl;
			packageProductDependencies = (
			);
			productName = SwiftulSourceControl;
			productReference = 160651C12CF5938800A49447 /* SwiftulSourceControl.app */;
			productType = "com.apple.product-type.application";
		};
		160651D02CF5938C00A49447 /* SwiftulSourceControlTests */ = {
			isa = PBXNativeTarget;
			buildConfigurationList = 160651E82CF5938C00A49447 /* Build configuration list for PBXNativeTarget "SwiftulSourceControlTests" */;
			buildPhases = (
				160651CD2CF5938C00A49447 /* Sources */,
				160651CE2CF5938C00A49447 /* Frameworks */,
				160651CF2CF5938C00A49447 /* Resources */,
			);
			buildRules = (
			);
			dependencies = (
				160651D32CF5938C00A49447 /* PBXTargetDependency */,
			);
			fileSystemSynchronizedGroups = (
				160651D42CF5938C00A49447 /* SwiftulSourceControlTests */,
			);
			name = SwiftulSourceControlTests;
			packageProductDependencies = (
			);
			productName = SwiftulSourceControlTests;
			productReference = 160651D12CF5938C00A49447 /* SwiftulSourceControlTests.xctest */;
			productType = "com.apple.product-type.bundle.unit-test";
		};
		160651DA2CF5938C00A49447 /* SwiftulSourceControlUITests */ = {
			isa = PBXNativeTarget;
			buildConfigurationList = 160651EB2CF5938C00A49447 /* Build configuration list for PBXNativeTarget "SwiftulSourceControlUITests" */;
			buildPhases = (
				160651D72CF5938C00A49447 /* Sources */,
				160651D82CF5938C00A49447 /* Frameworks */,
				160651D92CF5938C00A49447 /* Resources */,
			);
			buildRules = (
			);
			dependencies = (
				160651DD2CF5938C00A49447 /* PBXTargetDependency */,
			);
			fileSystemSynchronizedGroups = (
				160651DE2CF5938C00A49447 /* SwiftulSourceControlUITests */,
			);
			name = SwiftulSourceControlUITests;
			packageProductDependencies = (
			);
			productName = SwiftulSourceControlUITests;
			productReference = 160651DB2CF5938C00A49447 /* SwiftulSourceControlUITests.xctest */;
			productType = "com.apple.product-type.bundle.ui-testing";
		};
/* End PBXNativeTarget section */

/* Begin PBXProject section */
		160651B92CF5938800A49447 /* Project object */ = {
			isa = PBXProject;
			attributes = {
				BuildIndependentTargetsInParallel = 1;
				LastSwiftUpdateCheck = 1610;
				LastUpgradeCheck = 1610;
				TargetAttributes = {
					160651C02CF5938800A49447 = {
						CreatedOnToolsVersion = 16.1;
					};
					160651D02CF5938C00A49447 = {
						CreatedOnToolsVersion = 16.1;
						TestTargetID = 160651C02CF5938800A49447;
					};
					160651DA2CF5938C00A49447 = {
						CreatedOnToolsVersion = 16.1;
						TestTargetID = 160651C02CF5938800A49447;
					};
				};
			};
			buildConfigurationList = 160651BC2CF5938800A49447 /* Build configuration list for PBXProject "SwiftulSourceControl" */;
			developmentRegion = en;
			hasScannedForEncodings = 0;
			knownRegions = (
				en,
				Base,
			);
			mainGroup = 160651B82CF5938800A49447;
			minimizedProjectReferenceProxies = 1;
			preferredProjectObjectVersion = 77;
			productRefGroup = 160651C22CF5938800A49447 /* Products */;
			projectDirPath = "";
			projectRoot = "";
			targets = (
				160651C02CF5938800A49447 /* SwiftulSourceControl */,
				160651D02CF5938C00A49447 /* SwiftulSourceControlTests */,
				160651DA2CF5938C00A49447 /* SwiftulSourceControlUITests */,
			);
		};
/* End PBXProject section */

/* Begin PBXResourcesBuildPhase section */
		160651BF2CF5938800A49447 /* Resources */ = {
			isa = PBXResourcesBuildPhase;
			buildActionMask = 2147483647;
			files = (
			);
			runOnlyForDeploymentPostprocessing = 0;
		};
		160651CF2CF5938C00A49447 /* Resources */ = {
			isa = PBXResourcesBuildPhase;
			buildActionMask = 2147483647;
			files = (
			);
			runOnlyForDeploymentPostprocessing = 0;
		};
		160651D92CF5938C00A49447 /* Resources */ = {
			isa = PBXResourcesBuildPhase;
			buildActionMask = 2147483647;
			files = (
			);
			runOnlyForDeploymentPostprocessing = 0;
		};
/* End PBXResourcesBuildPhase section */

/* Begin PBXSourcesBuildPhase section */
		160651BD2CF5938800A49447 /* Sources */ = {
			isa = PBXSourcesBuildPhase;
			buildActionMask = 2147483647;
			files = (
			);
			runOnlyForDeploymentPostprocessing = 0;
		};
		160651CD2CF5938C00A49447 /* Sources */ = {
			isa = PBXSourcesBuildPhase;
			buildActionMask = 2147483647;
			files = (
			);
			runOnlyForDeploymentPostprocessing = 0;
		};
		160651D72CF5938C00A49447 /* Sources */ = {
			isa = PBXSourcesBuildPhase;
			buildActionMask = 2147483647;
			files = (
			);
			runOnlyForDeploymentPostprocessing = 0;
		};
/* End PBXSourcesBuildPhase section */

/* Begin PBXTargetDependency section */
		160651D32CF5938C00A49447 /* PBXTargetDependency */ = {
			isa = PBXTargetDependency;
			target = 160651C02CF5938800A49447 /* SwiftulSourceControl */;
			targetProxy = 160651D22CF5938C00A49447 /* PBXContainerItemProxy */;
		};
		160651DD2CF5938C00A49447 /* PBXTargetDependency */ = {
			isa = PBXTargetDependency;
			target = 160651C02CF5938800A49447 /* SwiftulSourceControl */;
			targetProxy = 160651DC2CF5938C00A49447 /* PBXContainerItemProxy */;
		};
/* End PBXTargetDependency section */

/* Begin XCBuildConfiguration section */
		160651E32CF5938C00A49447 /* Debug */ = {
			isa = XCBuildConfiguration;
			buildSettings = {
				ALWAYS_SEARCH_USER_PATHS = NO;
				ASSETCATALOG_COMPILER_GENERATE_SWIFT_ASSET_SYMBOL_EXTENSIONS = YES;
				CLANG_ANALYZER_NONNULL = YES;
				CLANG_ANALYZER_NUMBER_OBJECT_CONVERSION = YES_AGGRESSIVE;
				CLANG_CXX_LANGUAGE_STANDARD = "gnu++20";
				CLANG_ENABLE_MODULES = YES;
				CLANG_ENABLE_OBJC_ARC = YES;
				CLANG_ENABLE_OBJC_WEAK = YES;
				CLANG_WARN_BLOCK_CAPTURE_AUTORELEASING = YES;
				CLANG_WARN_BOOL_CONVERSION = YES;
				CLANG_WARN_COMMA = YES;
				CLANG_WARN_CONSTANT_CONVERSION = YES;
				CLANG_WARN_DEPRECATED_OBJC_IMPLEMENTATIONS = YES;
				CLANG_WARN_DIRECT_OBJC_ISA_USAGE = YES_ERROR;
				CLANG_WARN_DOCUMENTATION_COMMENTS = YES;
				CLANG_WARN_EMPTY_BODY = YES;
				CLANG_WARN_ENUM_CONVERSION = YES;
				CLANG_WARN_INFINITE_RECURSION = YES;
				CLANG_WARN_INT_CONVERSION = YES;
				CLANG_WARN_NON_LITERAL_NULL_CONVERSION = YES;
				CLANG_WARN_OBJC_IMPLICIT_RETAIN_SELF = YES;
				CLANG_WARN_OBJC_LITERAL_CONVERSION = YES;
				CLANG_WARN_OBJC_ROOT_CLASS = YES_ERROR;
				CLANG_WARN_QUOTED_INCLUDE_IN_FRAMEWORK_HEADER = YES;
				CLANG_WARN_RANGE_LOOP_ANALYSIS = YES;
				CLANG_WARN_STRICT_PROTOTYPES = YES;
				CLANG_WARN_SUSPICIOUS_MOVE = YES;
				CLANG_WARN_UNGUARDED_AVAILABILITY = YES_AGGRESSIVE;
				CLANG_WARN_UNREACHABLE_CODE = YES;
				CLANG_WARN__DUPLICATE_METHOD_MATCH = YES;
				COPY_PHASE_STRIP = NO;
				DEBUG_INFORMATION_FORMAT = dwarf;
				ENABLE_STRICT_OBJC_MSGSEND = YES;
				ENABLE_TESTABILITY = YES;
				ENABLE_USER_SCRIPT_SANDBOXING = YES;
				GCC_C_LANGUAGE_STANDARD = gnu17;
				GCC_DYNAMIC_NO_PIC = NO;
				GCC_NO_COMMON_BLOCKS = YES;
				GCC_OPTIMIZATION_LEVEL = 0;
				GCC_PREPROCESSOR_DEFINITIONS = (
					"DEBUG=1",
					"$(inherited)",
				);
				GCC_WARN_64_TO_32_BIT_CONVERSION = YES;
				GCC_WARN_ABOUT_RETURN_TYPE = YES_ERROR;
				GCC_WARN_UNDECLARED_SELECTOR = YES;
				GCC_WARN_UNINITIALIZED_AUTOS = YES_AGGRESSIVE;
				GCC_WARN_UNUSED_FUNCTION = YES;
				GCC_WARN_UNUSED_VARIABLE = YES;
				IPHONEOS_DEPLOYMENT_TARGET = 18.1;
				LOCALIZATION_PREFERS_STRING_CATALOGS = YES;
				MTL_ENABLE_DEBUG_INFO = INCLUDE_SOURCE;
				MTL_FAST_MATH = YES;
				ONLY_ACTIVE_ARCH = YES;
				SDKROOT = iphoneos;
				SWIFT_ACTIVE_COMPILATION_CONDITIONS = "DEBUG $(inherited)";
				SWIFT_OPTIMIZATION_LEVEL = "-Onone";
			};
			name = Debug;
		};
		160651E42CF5938C00A49447 /* Release */ = {
			isa = XCBuildConfiguration;
			buildSettings = {
				ALWAYS_SEARCH_USER_PATHS = NO;
				ASSETCATALOG_COMPILER_GENERATE_SWIFT_ASSET_SYMBOL_EXTENSIONS = YES;
				CLANG_ANALYZER_NONNULL = YES;
				CLANG_ANALYZER_NUMBER_OBJECT_CONVERSION = YES_AGGRESSIVE;
				CLANG_CXX_LANGUAGE_STANDARD = "gnu++20";
				CLANG_ENABLE_MODULES = YES;
				CLANG_ENABLE_OBJC_ARC = YES;
				CLANG_ENABLE_OBJC_WEAK = YES;
				CLANG_WARN_BLOCK_CAPTURE_AUTORELEASING = YES;
				CLANG_WARN_BOOL_CONVERSION = YES;
				CLANG_WARN_COMMA = YES;
				CLANG_WARN_CONSTANT_CONVERSION = YES;
				CLANG_WARN_DEPRECATED_OBJC_IMPLEMENTATIONS = YES;
				CLANG_WARN_DIRECT_OBJC_ISA_USAGE = YES_ERROR;
				CLANG_WARN_DOCUMENTATION_COMMENTS = YES;
				CLANG_WARN_EMPTY_BODY = YES;
				CLANG_WARN_ENUM_CONVERSION = YES;
				CLANG_WARN_INFINITE_RECURSION = YES;
				CLANG_WARN_INT_CONVERSION = YES;
				CLANG_WARN_NON_LITERAL_NULL_CONVERSION = YES;
				CLANG_WARN_OBJC_IMPLICIT_RETAIN_SELF = YES;
				CLANG_WARN_OBJC_LITERAL_CONVERSION = YES;
				CLANG_WARN_OBJC_ROOT_CLASS = YES_ERROR;
				CLANG_WARN_QUOTED_INCLUDE_IN_FRAMEWORK_HEADER = YES;
				CLANG_WARN_RANGE_LOOP_ANALYSIS = YES;
				CLANG_WARN_STRICT_PROTOTYPES = YES;
				CLANG_WARN_SUSPICIOUS_MOVE = YES;
				CLANG_WARN_UNGUARDED_AVAILABILITY = YES_AGGRESSIVE;
				CLANG_WARN_UNREACHABLE_CODE = YES;
				CLANG_WARN__DUPLICATE_METHOD_MATCH = YES;
				COPY_PHASE_STRIP = NO;
				DEBUG_INFORMATION_FORMAT = "dwarf-with-dsym";
				ENABLE_NS_ASSERTIONS = NO;
				ENABLE_STRICT_OBJC_MSGSEND = YES;
				ENABLE_USER_SCRIPT_SANDBOXING = YES;
				GCC_C_LANGUAGE_STANDARD = gnu17;
				GCC_NO_COMMON_BLOCKS = YES;
				GCC_WARN_64_TO_32_BIT_CONVERSION = YES;
				GCC_WARN_ABOUT_RETURN_TYPE = YES_ERROR;
				GCC_WARN_UNDECLARED_SELECTOR = YES;
				GCC_WARN_UNINITIALIZED_AUTOS = YES_AGGRESSIVE;
				GCC_WARN_UNUSED_FUNCTION = YES;
				GCC_WARN_UNUSED_VARIABLE = YES;
				IPHONEOS_DEPLOYMENT_TARGET = 18.1;
				LOCALIZATION_PREFERS_STRING_CATALOGS = YES;
				MTL_ENABLE_DEBUG_INFO = NO;
				MTL_FAST_MATH = YES;
				SDKROOT = iphoneos;
				SWIFT_COMPILATION_MODE = wholemodule;
				VALIDATE_PRODUCT = YES;
			};
			name = Release;
		};
		160651E62CF5938C00A49447 /* Debug */ = {
			isa = XCBuildConfiguration;
			buildSettings = {
				ASSETCATALOG_COMPILER_APPICON_NAME = AppIcon;
				ASSETCATALOG_COMPILER_GLOBAL_ACCENT_COLOR_NAME = AccentColor;
				CODE_SIGN_STYLE = Automatic;
				CURRENT_PROJECT_VERSION = 1;
				DEVELOPMENT_ASSET_PATHS = "\"SwiftulSourceControl/Preview Content\"";
				DEVELOPMENT_TEAM = 55WCKK3Y95;
				ENABLE_PREVIEWS = YES;
				GENERATE_INFOPLIST_FILE = YES;
				INFOPLIST_KEY_UIApplicationSceneManifest_Generation = YES;
				INFOPLIST_KEY_UIApplicationSupportsIndirectInputEvents = YES;
				INFOPLIST_KEY_UILaunchScreen_Generation = YES;
				INFOPLIST_KEY_UISupportedInterfaceOrientations_iPad = "UIInterfaceOrientationPortrait UIInterfaceOrientationPortraitUpsideDown UIInterfaceOrientationLandscapeLeft UIInterfaceOrientationLandscapeRight";
				INFOPLIST_KEY_UISupportedInterfaceOrientations_iPhone = "UIInterfaceOrientationPortrait UIInterfaceOrientationLandscapeLeft UIInterfaceOrientationLandscapeRight";
				LD_RUNPATH_SEARCH_PATHS = (
					"$(inherited)",
					"@executable_path/Frameworks",
				);
				MARKETING_VERSION = 1.0;
				PRODUCT_BUNDLE_IDENTIFIER = ShionNakamura.SwiftulSourceControl;
				PRODUCT_NAME = "$(TARGET_NAME)";
				SWIFT_EMIT_LOC_STRINGS = YES;
				SWIFT_VERSION = 5.0;
				TARGETED_DEVICE_FAMILY = "1,2";
			};
			name = Debug;
		};
		160651E72CF5938C00A49447 /* Release */ = {
			isa = XCBuildConfiguration;
			buildSettings = {
				ASSETCATALOG_COMPILER_APPICON_NAME = AppIcon;
				ASSETCATALOG_COMPILER_GLOBAL_ACCENT_COLOR_NAME = AccentColor;
				CODE_SIGN_STYLE = Automatic;
				CURRENT_PROJECT_VERSION = 1;
				DEVELOPMENT_ASSET_PATHS = "\"SwiftulSourceControl/Preview Content\"";
				DEVELOPMENT_TEAM = 55WCKK3Y95;
				ENABLE_PREVIEWS = YES;
				GENERATE_INFOPLIST_FILE = YES;
				INFOPLIST_KEY_UIApplicationSceneManifest_Generation = YES;
				INFOPLIST_KEY_UIApplicationSupportsIndirectInputEvents = YES;
				INFOPLIST_KEY_UILaunchScreen_Generation = YES;
				INFOPLIST_KEY_UISupportedInterfaceOrientations_iPad = "UIInterfaceOrientationPortrait UIInterfaceOrientationPortraitUpsideDown UIInterfaceOrientationLandscapeLeft UIInterfaceOrientationLandscapeRight";
				INFOPLIST_KEY_UISupportedInterfaceOrientations_iPhone = "UIInterfaceOrientationPortrait UIInterfaceOrientationLandscapeLeft UIInterfaceOrientationLandscapeRight";
				LD_RUNPATH_SEARCH_PATHS = (
					"$(inherited)",
					"@executable_path/Frameworks",
				);
				MARKETING_VERSION = 1.0;
				PRODUCT_BUNDLE_IDENTIFIER = ShionNakamura.SwiftulSourceControl;
				PRODUCT_NAME = "$(TARGET_NAME)";
				SWIFT_EMIT_LOC_STRINGS = YES;
				SWIFT_VERSION = 5.0;
				TARGETED_DEVICE_FAMILY = "1,2";
			};
			name = Release;
		};
		160651E92CF5938C00A49447 /* Debug */ = {
			isa = XCBuildConfiguration;
			buildSettings = {
				BUNDLE_LOADER = "$(TEST_HOST)";
				CODE_SIGN_STYLE = Automatic;
				CURRENT_PROJECT_VERSION = 1;
				DEVELOPMENT_TEAM = 55WCKK3Y95;
				GENERATE_INFOPLIST_FILE = YES;
				IPHONEOS_DEPLOYMENT_TARGET = 18.1;
				MARKETING_VERSION = 1.0;
				PRODUCT_BUNDLE_IDENTIFIER = ShionNakamura.SwiftulSourceControlTests;
				PRODUCT_NAME = "$(TARGET_NAME)";
				SWIFT_EMIT_LOC_STRINGS = NO;
				SWIFT_VERSION = 5.0;
				TARGETED_DEVICE_FAMILY = "1,2";
				TEST_HOST = "$(BUILT_PRODUCTS_DIR)/SwiftulSourceControl.app/$(BUNDLE_EXECUTABLE_FOLDER_PATH)/SwiftulSourceControl";
			};
			name = Debug;
		};
		160651EA2CF5938C00A49447 /* Release */ = {
			isa = XCBuildConfiguration;
			buildSettings = {
				BUNDLE_LOADER = "$(TEST_HOST)";
				CODE_SIGN_STYLE = Automatic;
				CURRENT_PROJECT_VERSION = 1;
				DEVELOPMENT_TEAM = 55WCKK3Y95;
				GENERATE_INFOPLIST_FILE = YES;
				IPHONEOS_DEPLOYMENT_TARGET = 18.1;
				MARKETING_VERSION = 1.0;
				PRODUCT_BUNDLE_IDENTIFIER = ShionNakamura.SwiftulSourceControlTests;
				PRODUCT_NAME = "$(TARGET_NAME)";
				SWIFT_EMIT_LOC_STRINGS = NO;
				SWIFT_VERSION = 5.0;
				TARGETED_DEVICE_FAMILY = "1,2";
				TEST_HOST = "$(BUILT_PRODUCTS_DIR)/SwiftulSourceControl.app/$(BUNDLE_EXECUTABLE_FOLDER_PATH)/SwiftulSourceControl";
			};
			name = Release;
		};
		160651EC2CF5938C00A49447 /* Debug */ = {
			isa = XCBuildConfiguration;
			buildSettings = {
				CODE_SIGN_STYLE = Automatic;
				CURRENT_PROJECT_VERSION = 1;
				DEVELOPMENT_TEAM = 55WCKK3Y95;
				GENERATE_INFOPLIST_FILE = YES;
				MARKETING_VERSION = 1.0;
				PRODUCT_BUNDLE_IDENTIFIER = ShionNakamura.SwiftulSourceControlUITests;
				PRODUCT_NAME = "$(TARGET_NAME)";
				SWIFT_EMIT_LOC_STRINGS = NO;
				SWIFT_VERSION = 5.0;
				TARGETED_DEVICE_FAMILY = "1,2";
				TEST_TARGET_NAME = SwiftulSourceControl;
			};
			name = Debug;
		};
		160651ED2CF5938C00A49447 /* Release */ = {
			isa = XCBuildConfiguration;
			buildSettings = {
				CODE_SIGN_STYLE = Automatic;
				CURRENT_PROJECT_VERSION = 1;
				DEVELOPMENT_TEAM = 55WCKK3Y95;
				GENERATE_INFOPLIST_FILE = YES;
				MARKETING_VERSION = 1.0;
				PRODUCT_BUNDLE_IDENTIFIER = ShionNakamura.SwiftulSourceControlUITests;
				PRODUCT_NAME = "$(TARGET_NAME)";
				SWIFT_EMIT_LOC_STRINGS = NO;
				SWIFT_VERSION = 5.0;
				TARGETED_DEVICE_FAMILY = "1,2";
				TEST_TARGET_NAME = SwiftulSourceControl;
			};
			name = Release;
		};
/* End XCBuildConfiguration section */

/* Begin XCConfigurationList section */
		160651BC2CF5938800A49447 /* Build configuration list for PBXProject "SwiftulSourceControl" */ = {
			isa = XCConfigurationList;
			buildConfigurations = (
				160651E32CF5938C00A49447 /* Debug */,
				160651E42CF5938C00A49447 /* Release */,
			);
			defaultConfigurationIsVisible = 0;
			defaultConfigurationName = Release;
		};
		160651E52CF5938C00A49447 /* Build configuration list for PBXNativeTarget "SwiftulSourceControl" */ = {
			isa = XCConfigurationList;
			buildConfigurations = (
				160651E62CF5938C00A49447 /* Debug */,
				160651E72CF5938C00A49447 /* Release */,
			);
			defaultConfigurationIsVisible = 0;
			defaultConfigurationName = Release;
		};
		160651E82CF5938C00A49447 /* Build configuration list for PBXNativeTarget "SwiftulSourceControlTests" */ = {
			isa = XCConfigurationList;
			buildConfigurations = (
				160651E92CF5938C00A49447 /* Debug */,
				160651EA2CF5938C00A49447 /* Release */,
			);
			defaultConfigurationIsVisible = 0;
			defaultConfigurationName = Release;
		};
		160651EB2CF5938C00A49447 /* Build configuration list for PBXNativeTarget "SwiftulSourceControlUITests" */ = {
			isa = XCConfigurationList;
			buildConfigurations = (
				160651EC2CF5938C00A49447 /* Debug */,
				160651ED2CF5938C00A49447 /* Release */,
			);
			defaultConfigurationIsVisible = 0;
			defaultConfigurationName = Release;
		};
/* End XCConfigurationList section */
	};
	rootObject = 160651B92CF5938800A49447 /* Project object */;
}
